Microsoft Visual Studio Solution File, Format Version 11.00
# Visual Studio 2008

Project("{DE209AC4-FB2B-A09B-858D-D3A2D7A21233}") = "breeze_unity3d_client", "Assembly-CSharp.csproj", "{DF7AD48C-F067-A2AA-C668-5466756F8328}"
EndProject
Global
	GlobalSection(SolutionConfigurationPlatforms) = preSolution
		Debug|Any CPU = Debug|Any CPU
		Release|Any CPU = Release|Any CPU
	EndGlobalSection
	GlobalSection(ProjectConfigurationPlatforms) = postSolution
		{DF7AD48C-F067-A2AA-C668-5466756F8328}.Debug|Any CPU.ActiveCfg = Debug|Any CPU
		{DF7AD48C-F067-A2AA-C668-5466756F8328}.Debug|Any CPU.Build.0 = Debug|Any CPU
		{DF7AD48C-F067-A2AA-C668-5466756F8328}.Release|Any CPU.ActiveCfg = Release|Any CPU
		{DF7AD48C-F067-A2AA-C668-5466756F8328}.Release|Any CPU.Build.0 = Release|Any CPU
	EndGlobalSection
	GlobalSection(SolutionProperties) = preSolution
		HideSolutionNode = FALSE
	EndGlobalSection
	GlobalSection(MonoDevelopProperties) = preSolution
		StartupItem = Assembly-CSharp.csproj
	EndGlobalSection
EndGlobal
